
Microsoft Visual Studio Solution File, Format Version 12.00
# Visual Studio Version 17
VisualStudioVersion = 17.10.35027.167
MinimumVisualStudioVersion = 10.0.40219.1
Project("{2150E333-8FDC-42A3-9474-1A3956D46DE8}") = "VENTA.API", "VENTA.API", "{AEBA184B-A25F-4AD6-A908-843AD8E33E18}"
EndProject
Project("{2150E333-8FDC-42A3-9474-1A3956D46DE8}") = "VENTA.Application", "VENTA.Application", "{B042B618-7A0A-4B13-A517-43B0EDC5AF9A}"
EndProject
Project("{2150E333-8FDC-42A3-9474-1A3956D46DE8}") = "VENTA.Domain", "VENTA.Domain", "{3E0C2EC4-CAB9-4001-9862-74358F916B9A}"
EndProject
Project("{2150E333-8FDC-42A3-9474-1A3956D46DE8}") = "VENTA.Infrastructure", "VENTA.Infrastructure", "{673F090A-FBD0-4C07-AC35-73B92469B7EE}"
EndProject
Project("{9A19103F-16F7-4668-BE54-9A1E7A4F7556}") = "VENTA.API", "src\VENTA.API\VENTA.API.csproj", "{BEDF268F-75DF-43D8-A4CB-FEE22633F559}"
EndProject
Project("{9A19103F-16F7-4668-BE54-9A1E7A4F7556}") = "VENTA.Application", "src\VENTA.Application\VENTA.Application.csproj", "{AE59E427-450F-4564-90A7-18CB6116B3AC}"
EndProject
Project("{9A19103F-16F7-4668-BE54-9A1E7A4F7556}") = "VENTA.Domain", "src\VENTA.Domain\VENTA.Domain.csproj", "{F012EEFE-D026-4607-8B51-7705C13C4D5C}"
EndProject
Project("{9A19103F-16F7-4668-BE54-9A1E7A4F7556}") = "VENTA.Infrastructure", "src\VENTA.Infrastructure\VENTA.Infrastructure.csproj", "{433A1775-2115-4821-9934-18D08E526E64}"
EndProject
Project("{2150E333-8FDC-42A3-9474-1A3956D46DE8}") = "src", "src", "{CC4D2ED2-6470-430A-BFDC-64B5672439ED}"
EndProject
Project("{2150E333-8FDC-42A3-9474-1A3956D46DE8}") = "tests", "tests", "{7CFB93E9-50F6-4CBB-BA01-65643C12DDDB}"
EndProject
Project("{2150E333-8FDC-42A3-9474-1A3956D46DE8}") = "VENTA.Dto", "VENTA.Dto", "{E90C0DBF-050C-4934-9FC0-30D50C907379}"
EndProject
Project("{9A19103F-16F7-4668-BE54-9A1E7A4F7556}") = "VENTA.Dto", "src\VENTA.Dto\VENTA.Dto.csproj", "{3E395124-4454-41EE-AD0E-9807DA35D1EB}"
EndProject
Project("{9A19103F-16F7-4668-BE54-9A1E7A4F7556}") = "VENTAS.APPLICATION.TEST", "tests\VENTAS.APPLICATION.TEST\VENTAS.APPLICATION.TEST.csproj", "{9C4C9BCC-8D71-4233-9223-F64CBBC15346}"
EndProject
Global
	GlobalSection(SolutionConfigurationPlatforms) = preSolution
		Debug|Any CPU = Debug|Any CPU
		Release|Any CPU = Release|Any CPU
	EndGlobalSection
	GlobalSection(ProjectConfigurationPlatforms) = postSolution
		{BEDF268F-75DF-43D8-A4CB-FEE22633F559}.Debug|Any CPU.ActiveCfg = Debug|Any CPU
		{BEDF268F-75DF-43D8-A4CB-FEE22633F559}.Debug|Any CPU.Build.0 = Debug|Any CPU
		{BEDF268F-75DF-43D8-A4CB-FEE22633F559}.Release|Any CPU.ActiveCfg = Release|Any CPU
		{BEDF268F-75DF-43D8-A4CB-FEE22633F559}.Release|Any CPU.Build.0 = Release|Any CPU
		{AE59E427-450F-4564-90A7-18CB6116B3AC}.Debug|Any CPU.ActiveCfg = Debug|Any CPU
		{AE59E427-450F-4564-90A7-18CB6116B3AC}.Debug|Any CPU.Build.0 = Debug|Any CPU
		{AE59E427-450F-4564-90A7-18CB6116B3AC}.Release|Any CPU.ActiveCfg = Release|Any CPU
		{AE59E427-450F-4564-90A7-18CB6116B3AC}.Release|Any CPU.Build.0 = Release|Any CPU
		{F012EEFE-D026-4607-8B51-7705C13C4D5C}.Debug|Any CPU.ActiveCfg = Debug|Any CPU
		{F012EEFE-D026-4607-8B51-7705C13C4D5C}.Debug|Any CPU.Build.0 = Debug|Any CPU
		{F012EEFE-D026-4607-8B51-7705C13C4D5C}.Release|Any CPU.ActiveCfg = Release|Any CPU
		{F012EEFE-D026-4607-8B51-7705C13C4D5C}.Release|Any CPU.Build.0 = Release|Any CPU
		{433A1775-2115-4821-9934-18D08E526E64}.Debug|Any CPU.ActiveCfg = Debug|Any CPU
		{433A1775-2115-4821-9934-18D08E526E64}.Debug|Any CPU.Build.0 = Debug|Any CPU
		{433A1775-2115-4821-9934-18D08E526E64}.Release|Any CPU.ActiveCfg = Release|Any CPU
		{433A1775-2115-4821-9934-18D08E526E64}.Release|Any CPU.Build.0 = Release|Any CPU
		{3E395124-4454-41EE-AD0E-9807DA35D1EB}.Debug|Any CPU.ActiveCfg = Debug|Any CPU
		{3E395124-4454-41EE-AD0E-9807DA35D1EB}.Debug|Any CPU.Build.0 = Debug|Any CPU
		{3E395124-4454-41EE-AD0E-9807DA35D1EB}.Release|Any CPU.ActiveCfg = Release|Any CPU
		{3E395124-4454-41EE-AD0E-9807DA35D1EB}.Release|Any CPU.Build.0 = Release|Any CPU
		{9C4C9BCC-8D71-4233-9223-F64CBBC15346}.Debug|Any CPU.ActiveCfg = Debug|Any CPU
		{9C4C9BCC-8D71-4233-9223-F64CBBC15346}.Debug|Any CPU.Build.0 = Debug|Any CPU
		{9C4C9BCC-8D71-4233-9223-F64CBBC15346}.Release|Any CPU.ActiveCfg = Release|Any CPU
		{9C4C9BCC-8D71-4233-9223-F64CBBC15346}.Release|Any CPU.Build.0 = Release|Any CPU
	EndGlobalSection
	GlobalSection(SolutionProperties) = preSolution
		HideSolutionNode = FALSE
	EndGlobalSection
	GlobalSection(NestedProjects) = preSolution
		{AEBA184B-A25F-4AD6-A908-843AD8E33E18} = {CC4D2ED2-6470-430A-BFDC-64B5672439ED}
		{B042B618-7A0A-4B13-A517-43B0EDC5AF9A} = {CC4D2ED2-6470-430A-BFDC-64B5672439ED}
		{3E0C2EC4-CAB9-4001-9862-74358F916B9A} = {CC4D2ED2-6470-430A-BFDC-64B5672439ED}
		{673F090A-FBD0-4C07-AC35-73B92469B7EE} = {CC4D2ED2-6470-430A-BFDC-64B5672439ED}
		{BEDF268F-75DF-43D8-A4CB-FEE22633F559} = {AEBA184B-A25F-4AD6-A908-843AD8E33E18}
		{AE59E427-450F-4564-90A7-18CB6116B3AC} = {B042B618-7A0A-4B13-A517-43B0EDC5AF9A}
		{F012EEFE-D026-4607-8B51-7705C13C4D5C} = {3E0C2EC4-CAB9-4001-9862-74358F916B9A}
		{433A1775-2115-4821-9934-18D08E526E64} = {673F090A-FBD0-4C07-AC35-73B92469B7EE}
		{E90C0DBF-050C-4934-9FC0-30D50C907379} = {CC4D2ED2-6470-430A-BFDC-64B5672439ED}
		{3E395124-4454-41EE-AD0E-9807DA35D1EB} = {E90C0DBF-050C-4934-9FC0-30D50C907379}
		{9C4C9BCC-8D71-4233-9223-F64CBBC15346} = {7CFB93E9-50F6-4CBB-BA01-65643C12DDDB}
	EndGlobalSection
	GlobalSection(ExtensibilityGlobals) = postSolution
		SolutionGuid = {FEAAE358-3C89-41CC-9F0C-52ABBF48CF59}
	EndGlobalSection
EndGlobal
